
Microsoft Visual Studio Solution File, Format Version 12.00
# Visual Studio Version 16
VisualStudioVersion = 16.0.30611.23
MinimumVisualStudioVersion = 10.0.40219.1
Project("{FAE04EC0-301F-11D3-BF4B-00C04F79EFBC}") = "ScrapeLibrary", "ScrapeLibrary\ScrapeLibrary.csproj", "{4FE2490C-654A-404E-A109-563E85772A1C}"
EndProject
Project("{FAE04EC0-301F-11D3-BF4B-00C04F79EFBC}") = "ScrapeClient", "ScrapeClient\ScrapeClient.csproj", "{063E42BD-5589-4047-BD2C-5A95B33B31D1}"
EndProject
Global
	GlobalSection(SolutionConfigurationPlatforms) = preSolution
		Debug|Any CPU = Debug|Any CPU
		Release|Any CPU = Release|Any CPU
	EndGlobalSection
	GlobalSection(ProjectConfigurationPlatforms) = postSolution
		{4FE2490C-654A-404E-A109-563E85772A1C}.Debug|Any CPU.ActiveCfg = Debug|Any CPU
		{4FE2490C-654A-404E-A109-563E85772A1C}.Debug|Any CPU.Build.0 = Debug|Any CPU
		{4FE2490C-654A-404E-A109-563E85772A1C}.Release|Any CPU.ActiveCfg = Release|Any CPU
		{4FE2490C-654A-404E-A109-563E85772A1C}.Release|Any CPU.Build.0 = Release|Any CPU
		{063E42BD-5589-4047-BD2C-5A95B33B31D1}.Debug|Any CPU.ActiveCfg = Debug|Any CPU
		{063E42BD-5589-4047-BD2C-5A95B33B31D1}.Debug|Any CPU.Build.0 = Debug|Any CPU
		{063E42BD-5589-4047-BD2C-5A95B33B31D1}.Release|Any CPU.ActiveCfg = Release|Any CPU
		{063E42BD-5589-4047-BD2C-5A95B33B31D1}.Release|Any CPU.Build.0 = Release|Any CPU
	EndGlobalSection
	GlobalSection(SolutionProperties) = preSolution
		HideSolutionNode = FALSE
	EndGlobalSection
	GlobalSection(ExtensibilityGlobals) = postSolution
		SolutionGuid = {31F8F68F-3B84-43DE-BCA5-D58E41ABCD36}
	EndGlobalSection
EndGlobal
